// !$*UTF8*$!
{
	archiveVersion = 1;
	classes = {
	};
	objectVersion = 46;
	objects = {

/* Begin PBXBuildFile section */
		E622935D175D0C4000AD2866 /* main.c in Sources */ = {isa = PBXBuildFile; fileRef = E622935A175D0C4000AD2866 /* main.c */; };
		E622935E175D0C4000AD2866 /* video.c in Sources */ = {isa = PBXBuildFile; fileRef = E622935B175D0C4000AD2866 /* video.c */; };
		E62293D8175DB40400AD2866 /* state.c in Sources */ = {isa = PBXBuildFile; fileRef = E62293D7175DB40400AD2866 /* state.c */; };
/* End PBXBuildFile section */

/* Begin PBXCopyFilesBuildPhase section */
		E6229349175BB52900AD2866 /* CopyFiles */ = {
			isa = PBXCopyFilesBuildPhase;
			buildActionMask = 2147483647;
			dstPath = /usr/share/man/man1/;
			dstSubfolderSpec = 0;
			files = (
			);
			runOnlyForDeploymentPostprocessing = 1;
		};
		E640E21717DFDCC9009C0718 /* CopyFiles */ = {
			isa = PBXCopyFilesBuildPhase;
			buildActionMask = 2147483647;
			dstPath = /usr/share/man/man1/;
			dstSubfolderSpec = 0;
			files = (
			);
			runOnlyForDeploymentPostprocessing = 1;
		};
		E640F6D7182D95B600A4C6A5 /* CopyFiles */ = {
			isa = PBXCopyFilesBuildPhase;
			buildActionMask = 2147483647;
			dstPath = /usr/share/man/man1/;
			dstSubfolderSpec = 0;
			files = (
			);
			runOnlyForDeploymentPostprocessing = 1;
		};
		E64198DF17373A5A00D0EE25 /* CopyFiles */ = {
			isa = PBXCopyFilesBuildPhase;
			buildActionMask = 2147483647;
			dstPath = /usr/share/man/man1/;
			dstSubfolderSpec = 0;
			files = (
			);
			runOnlyForDeploymentPostprocessing = 1;
		};
		E6FB94A91791140B0053EB7E /* CopyFiles */ = {
			isa = PBXCopyFilesBuildPhase;
			buildActionMask = 2147483647;
			dstPath = /usr/share/man/man1/;
			dstSubfolderSpec = 0;
			files = (
			);
			runOnlyForDeploymentPostprocessing = 1;
		};
/* End PBXCopyFilesBuildPhase section */

/* Begin PBXFileReference section */
		E622934B175BB52900AD2866 /* easy6502 */ = {isa = PBXFileReference; explicitFileType = "compiled.mach-o.executable"; includeInIndex = 0; path = easy6502; sourceTree = BUILT_PRODUCTS_DIR; };
		E6229359175D0C4000AD2866 /* easy6502_xcode.1 */ = {isa = PBXFileReference; fileEncoding = 4; lastKnownFileType = text.man; name = easy6502_xcode.1; path = easy6502/easy6502_xcode.1; sourceTree = SOURCE_ROOT; };
		E622935A175D0C4000AD2866 /* main.c */ = {isa = PBXFileReference; fileEncoding = 4; lastKnownFileType = sourcecode.c.c; name = main.c; path = easy6502/main.c; sourceTree = SOURCE_ROOT; };
		E622935B175D0C4000AD2866 /* video.c */ = {isa = PBXFileReference; fileEncoding = 4; lastKnownFileType = sourcecode.c.c; name = video.c; path = easy6502/video.c; sourceTree = SOURCE_ROOT; };
		E622935C175D0C4000AD2866 /* video.h */ = {isa = PBXFileReference; fileEncoding = 4; lastKnownFileType = sourcecode.c.h; name = video.h; path = easy6502/video.h; sourceTree = SOURCE_ROOT; };
		E6229370175D4AF100AD2866 /* state.h */ = {isa = PBXFileReference; fileEncoding = 4; lastKnownFileType = sourcecode.c.h; name = state.h; path = easy6502/state.h; sourceTree = SOURCE_ROOT; };
		E62293D7175DB40400AD2866 /* state.c */ = {isa = PBXFileReference; fileEncoding = 4; lastKnownFileType = sourcecode.c.c; name = state.c; path = easy6502/state.c; sourceTree = SOURCE_ROOT; };
		E62293D9175DB92400AD2866 /* easy_test.s */ = {isa = PBXFileReference; lastKnownFileType = sourcecode.asm; name = easy_test.s; path = easy6502/easy_test.s; sourceTree = SOURCE_ROOT; };
		E640E21917DFDCC9009C0718 /* dis6502 */ = {isa = PBXFileReference; explicitFileType = "compiled.mach-o.executable"; includeInIndex = 0; path = dis6502; sourceTree = BUILT_PRODUCTS_DIR; };
		E640F6D9182D95B600A4C6A5 /* ld6502 */ = {isa = PBXFileReference; explicitFileType = "compiled.mach-o.executable"; includeInIndex = 0; path = ld6502; sourceTree = BUILT_PRODUCTS_DIR; };
		E64198E117373A5A00D0EE25 /* as6502 */ = {isa = PBXFileReference; explicitFileType = "compiled.mach-o.executable"; includeInIndex = 0; path = as6502; sourceTree = BUILT_PRODUCTS_DIR; };
		E677B29C1737397800A3B9E8 /* as6502 */ = {isa = PBXFileReference; lastKnownFileType = "compiled.mach-o.executable"; name = as6502; path = as6502/as6502; sourceTree = "<group>"; };
		E677B29D1737399B00A3B9E8 /* v6502 */ = {isa = PBXFileReference; lastKnownFileType = "compiled.mach-o.executable"; name = v6502; path = v6502/v6502; sourceTree = "<group>"; };
		E68821CD175DBC2300BA1FE2 /* Makefile */ = {isa = PBXFileReference; fileEncoding = 4; lastKnownFileType = sourcecode.make; name = Makefile; path = easy6502/Makefile; sourceTree = SOURCE_ROOT; };
		E6A079101737321800E0027B /* NOTES.dox */ = {isa = PBXFileReference; lastKnownFileType = text; path = NOTES.dox; sourceTree = "<group>"; };
		E6B33F221759821E00F0D8C2 /* Doxyfile */ = {isa = PBXFileReference; fileEncoding = 4; lastKnownFileType = text; path = Doxyfile; sourceTree = "<group>"; };
		E6C77B6218555C72009AB304 /* as6502 */ = {isa = PBXFileReference; lastKnownFileType = folder; path = as6502; sourceTree = "<group>"; };
		E6C77B6318555C72009AB304 /* dis6502 */ = {isa = PBXFileReference; lastKnownFileType = folder; path = dis6502; sourceTree = "<group>"; };
		E6C77B6418555C72009AB304 /* ld6502 */ = {isa = PBXFileReference; lastKnownFileType = folder; path = ld6502; sourceTree = "<group>"; };
		E6C77B6518555C72009AB304 /* tests */ = {isa = PBXFileReference; lastKnownFileType = folder; path = tests; sourceTree = "<group>"; };
		E6C77B6618555C72009AB304 /* v6502 */ = {isa = PBXFileReference; lastKnownFileType = folder; path = v6502; sourceTree = "<group>"; };
		E6FB94AB1791140B0053EB7E /* v6502 */ = {isa = PBXFileReference; explicitFileType = "compiled.mach-o.executable"; includeInIndex = 0; path = v6502; sourceTree = BUILT_PRODUCTS_DIR; };
/* End PBXFileReference section */

/* Begin PBXFrameworksBuildPhase section */
		E6229348175BB52900AD2866 /* Frameworks */ = {
			isa = PBXFrameworksBuildPhase;
			buildActionMask = 2147483647;
			files = (
			);
			runOnlyForDeploymentPostprocessing = 0;
		};
		E640E21617DFDCC9009C0718 /* Frameworks */ = {
			isa = PBXFrameworksBuildPhase;
			buildActionMask = 2147483647;
			files = (
			);
			runOnlyForDeploymentPostprocessing = 0;
		};
		E640F6D6182D95B600A4C6A5 /* Frameworks */ = {
			isa = PBXFrameworksBuildPhase;
			buildActionMask = 2147483647;
			files = (
			);
			runOnlyForDeploymentPostprocessing = 0;
		};
		E64198DE17373A5A00D0EE25 /* Frameworks */ = {
			isa = PBXFrameworksBuildPhase;
			buildActionMask = 2147483647;
			files = (
			);
			runOnlyForDeploymentPostprocessing = 0;
		};
		E6FB94A81791140B0053EB7E /* Frameworks */ = {
			isa = PBXFrameworksBuildPhase;
			buildActionMask = 2147483647;
			files = (
			);
			runOnlyForDeploymentPostprocessing = 0;
		};
/* End PBXFrameworksBuildPhase section */

/* Begin PBXGroup section */
		E622934C175BB52900AD2866 /* easy6502 */ = {
			isa = PBXGroup;
			children = (
				E68821CD175DBC2300BA1FE2 /* Makefile */,
				E6229359175D0C4000AD2866 /* easy6502_xcode.1 */,
				E622935A175D0C4000AD2866 /* main.c */,
				E6229370175D4AF100AD2866 /* state.h */,
				E62293D7175DB40400AD2866 /* state.c */,
				E622935C175D0C4000AD2866 /* video.h */,
				E622935B175D0C4000AD2866 /* video.c */,
				E62293D9175DB92400AD2866 /* easy_test.s */,
			);
			name = easy6502;
			path = "easy6502-xcode";
			sourceTree = "<group>";
		};
		E640E21417DFD828009C0718 /* Documentation */ = {
			isa = PBXGroup;
			children = (
				E6B33F221759821E00F0D8C2 /* Doxyfile */,
				E6A079101737321800E0027B /* NOTES.dox */,
			);
			name = Documentation;
			sourceTree = "<group>";
		};
		E652129D1704B90D009CE919 = {
			isa = PBXGroup;
			children = (
				E6C77B6218555C72009AB304 /* as6502 */,
				E6C77B6318555C72009AB304 /* dis6502 */,
				E6C77B6418555C72009AB304 /* ld6502 */,
				E6C77B6618555C72009AB304 /* v6502 */,
				E6C77B6518555C72009AB304 /* tests */,
				E622934C175BB52900AD2866 /* easy6502 */,
				E640E21417DFD828009C0718 /* Documentation */,
				E65212A71704B90D009CE919 /* Products */,
			);
			sourceTree = "<group>";
		};
		E65212A71704B90D009CE919 /* Products */ = {
			isa = PBXGroup;
			children = (
				E677B29D1737399B00A3B9E8 /* v6502 */,
				E677B29C1737397800A3B9E8 /* as6502 */,
				E64198E117373A5A00D0EE25 /* as6502 */,
				E622934B175BB52900AD2866 /* easy6502 */,
				E6FB94AB1791140B0053EB7E /* v6502 */,
				E640E21917DFDCC9009C0718 /* dis6502 */,
				E640F6D9182D95B600A4C6A5 /* ld6502 */,
			);
			name = Products;
			sourceTree = "<group>";
		};
/* End PBXGroup section */

/* Begin PBXLegacyTarget section */
		E666A83A17169D9A00EDBF95 /* tests */ = {
			isa = PBXLegacyTarget;
			buildArgumentsString = "$(ACTION)";
			buildConfigurationList = E666A83D17169D9A00EDBF95 /* Build configuration list for PBXLegacyTarget "tests" */;
			buildPhases = (
			);
			buildToolPath = /usr/bin/make;
			buildWorkingDirectory = tests;
			dependencies = (
			);
			name = tests;
			passBuildSettingsInEnvironment = 1;
			productName = "as6502-test";
		};
		E6B33F1E17597E9300F0D8C2 /* Doxygen */ = {
			isa = PBXLegacyTarget;
			buildArgumentsString = "$(ACTION)";
			buildConfigurationList = E6B33F1F17597E9300F0D8C2 /* Build configuration list for PBXLegacyTarget "Doxygen" */;
			buildPhases = (
			);
			buildToolPath = /Applications/Doxygen.app/Contents/Resources/doxygen;
			dependencies = (
			);
			name = Doxygen;
			passBuildSettingsInEnvironment = 1;
			productName = Doxygen;
		};
/* End PBXLegacyTarget section */

/* Begin PBXNativeTarget section */
		E622934A175BB52900AD2866 /* easy6502 */ = {
			isa = PBXNativeTarget;
			buildConfigurationList = E6229351175BB52900AD2866 /* Build configuration list for PBXNativeTarget "easy6502" */;
			buildPhases = (
				E6229347175BB52900AD2866 /* Sources */,
				E6229348175BB52900AD2866 /* Frameworks */,
				E6229349175BB52900AD2866 /* CopyFiles */,
			);
			buildRules = (
			);
			dependencies = (
			);
			name = easy6502;
			productName = "easy6502-xcode";
			productReference = E622934B175BB52900AD2866 /* easy6502 */;
			productType = "com.apple.product-type.tool";
		};
		E640E21817DFDCC9009C0718 /* dis6502 */ = {
			isa = PBXNativeTarget;
			buildConfigurationList = E640E21F17DFDCC9009C0718 /* Build configuration list for PBXNativeTarget "dis6502" */;
			buildPhases = (
				E640E21517DFDCC9009C0718 /* Sources */,
				E640E21617DFDCC9009C0718 /* Frameworks */,
				E640E21717DFDCC9009C0718 /* CopyFiles */,
			);
			buildRules = (
			);
			dependencies = (
			);
			name = dis6502;
			productName = dis6502;
			productReference = E640E21917DFDCC9009C0718 /* dis6502 */;
			productType = "com.apple.product-type.tool";
		};
		E640F6D8182D95B600A4C6A5 /* ld6502 */ = {
			isa = PBXNativeTarget;
			buildConfigurationList = E640F6DF182D95B600A4C6A5 /* Build configuration list for PBXNativeTarget "ld6502" */;
			buildPhases = (
				E640F6D5182D95B600A4C6A5 /* Sources */,
				E640F6D6182D95B600A4C6A5 /* Frameworks */,
				E640F6D7182D95B600A4C6A5 /* CopyFiles */,
			);
			buildRules = (
			);
			dependencies = (
			);
			name = ld6502;
			productName = ld6502;
			productReference = E640F6D9182D95B600A4C6A5 /* ld6502 */;
			productType = "com.apple.product-type.tool";
		};
		E64198E017373A5A00D0EE25 /* as6502 */ = {
			isa = PBXNativeTarget;
			buildConfigurationList = E64198E917373A5A00D0EE25 /* Build configuration list for PBXNativeTarget "as6502" */;
			buildPhases = (
				E64198DD17373A5A00D0EE25 /* Sources */,
				E64198DE17373A5A00D0EE25 /* Frameworks */,
				E64198DF17373A5A00D0EE25 /* CopyFiles */,
			);
			buildRules = (
			);
			dependencies = (
			);
			name = as6502;
			productName = "as6502-xcode";
			productReference = E64198E117373A5A00D0EE25 /* as6502 */;
			productType = "com.apple.product-type.tool";
		};
		E6FB94AA1791140B0053EB7E /* v6502 */ = {
			isa = PBXNativeTarget;
			buildConfigurationList = E6FB94B31791140B0053EB7E /* Build configuration list for PBXNativeTarget "v6502" */;
			buildPhases = (
				E6FB94A71791140B0053EB7E /* Sources */,
				E6FB94A81791140B0053EB7E /* Frameworks */,
				E6FB94A91791140B0053EB7E /* CopyFiles */,
			);
			buildRules = (
			);
			dependencies = (
			);
			name = v6502;
			productName = "v6502-xcode";
			productReference = E6FB94AB1791140B0053EB7E /* v6502 */;
			productType = "com.apple.product-type.tool";
		};
/* End PBXNativeTarget section */

/* Begin PBXProject section */
		E652129E1704B90D009CE919 /* Project object */ = {
			isa = PBXProject;
			attributes = {
				LastUpgradeCheck = 0460;
				ORGANIZATIONNAME = "Hello-Channel, LLC";
			};
			buildConfigurationList = E65212A11704B90D009CE919 /* Build configuration list for PBXProject "v6502" */;
			compatibilityVersion = "Xcode 3.2";
			developmentRegion = English;
			hasScannedForEncodings = 0;
			knownRegions = (
				en,
			);
			mainGroup = E652129D1704B90D009CE919;
			productRefGroup = E65212A71704B90D009CE919 /* Products */;
			projectDirPath = "";
			projectRoot = "";
			targets = (
				E666A83A17169D9A00EDBF95 /* tests */,
				E64198E017373A5A00D0EE25 /* as6502 */,
				E6B33F1E17597E9300F0D8C2 /* Doxygen */,
				E622934A175BB52900AD2866 /* easy6502 */,
				E6FB94AA1791140B0053EB7E /* v6502 */,
				E640E21817DFDCC9009C0718 /* dis6502 */,
				E640F6D8182D95B600A4C6A5 /* ld6502 */,
			);
		};
/* End PBXProject section */

/* Begin PBXSourcesBuildPhase section */
		E6229347175BB52900AD2866 /* Sources */ = {
			isa = PBXSourcesBuildPhase;
			buildActionMask = 2147483647;
			files = (
				E622935D175D0C4000AD2866 /* main.c in Sources */,
				E622935E175D0C4000AD2866 /* video.c in Sources */,
				E62293D8175DB40400AD2866 /* state.c in Sources */,
			);
			runOnlyForDeploymentPostprocessing = 0;
		};
		E640E21517DFDCC9009C0718 /* Sources */ = {
			isa = PBXSourcesBuildPhase;
			buildActionMask = 2147483647;
			files = (
			);
			runOnlyForDeploymentPostprocessing = 0;
		};
		E640F6D5182D95B600A4C6A5 /* Sources */ = {
			isa = PBXSourcesBuildPhase;
			buildActionMask = 2147483647;
			files = (
			);
			runOnlyForDeploymentPostprocessing = 0;
		};
		E64198DD17373A5A00D0EE25 /* Sources */ = {
			isa = PBXSourcesBuildPhase;
			buildActionMask = 2147483647;
			files = (
			);
			runOnlyForDeploymentPostprocessing = 0;
		};
		E6FB94A71791140B0053EB7E /* Sources */ = {
			isa = PBXSourcesBuildPhase;
			buildActionMask = 2147483647;
			files = (
			);
			runOnlyForDeploymentPostprocessing = 0;
		};
/* End PBXSourcesBuildPhase section */

/* Begin XCBuildConfiguration section */
		E6229352175BB52900AD2866 /* Debug */ = {
			isa = XCBuildConfiguration;
			buildSettings = {
				GCC_OPTIMIZATION_LEVEL = 0;
				PRODUCT_NAME = "$(TARGET_NAME)";
			};
			name = Debug;
		};
		E6229353175BB52900AD2866 /* Release */ = {
			isa = XCBuildConfiguration;
			buildSettings = {
				PRODUCT_NAME = "$(TARGET_NAME)";
			};
			name = Release;
		};
		E640E22017DFDCC9009C0718 /* Debug */ = {
			isa = XCBuildConfiguration;
			buildSettings = {
				CLANG_CXX_LANGUAGE_STANDARD = "gnu++0x";
				CLANG_ENABLE_MODULES = YES;
				CLANG_ENABLE_OBJC_ARC = YES;
				CLANG_WARN_BOOL_CONVERSION = YES;
				CLANG_WARN_DIRECT_OBJC_ISA_USAGE = YES_ERROR;
				CLANG_WARN_OBJC_ROOT_CLASS = YES_ERROR;
				GCC_C_LANGUAGE_STANDARD = gnu99;
				GCC_PREPROCESSOR_DEFINITIONS = (
					"DEBUG=1",
					"$(inherited)",
				);
				GCC_WARN_ABOUT_RETURN_TYPE = YES_ERROR;
				GCC_WARN_UNDECLARED_SELECTOR = YES;
				GCC_WARN_UNUSED_FUNCTION = YES;
				MACOSX_DEPLOYMENT_TARGET = 10.9;
				PRODUCT_NAME = "$(TARGET_NAME)";
			};
			name = Debug;
		};
		E640E22117DFDCC9009C0718 /* Release */ = {
			isa = XCBuildConfiguration;
			buildSettings = {
				CLANG_CXX_LANGUAGE_STANDARD = "gnu++0x";
				CLANG_ENABLE_MODULES = YES;
				CLANG_ENABLE_OBJC_ARC = YES;
				CLANG_WARN_BOOL_CONVERSION = YES;
				CLANG_WARN_DIRECT_OBJC_ISA_USAGE = YES_ERROR;
				CLANG_WARN_OBJC_ROOT_CLASS = YES_ERROR;
				ENABLE_NS_ASSERTIONS = NO;
				GCC_C_LANGUAGE_STANDARD = gnu99;
				GCC_WARN_ABOUT_RETURN_TYPE = YES_ERROR;
				GCC_WARN_UNDECLARED_SELECTOR = YES;
				GCC_WARN_UNUSED_FUNCTION = YES;
				MACOSX_DEPLOYMENT_TARGET = 10.9;
				PRODUCT_NAME = "$(TARGET_NAME)";
			};
			name = Release;
		};
		E640F6E0182D95B600A4C6A5 /* Debug */ = {
			isa = XCBuildConfiguration;
			buildSettings = {
				CLANG_CXX_LANGUAGE_STANDARD = "gnu++0x";
				CLANG_ENABLE_OBJC_ARC = YES;
				CLANG_WARN_BOOL_CONVERSION = YES;
				CLANG_WARN_DIRECT_OBJC_ISA_USAGE = YES_ERROR;
				CLANG_WARN_OBJC_ROOT_CLASS = YES_ERROR;
				GCC_C_LANGUAGE_STANDARD = gnu99;
				GCC_PREPROCESSOR_DEFINITIONS = (
					"DEBUG=1",
					"$(inherited)",
				);
				GCC_WARN_ABOUT_RETURN_TYPE = YES_ERROR;
				GCC_WARN_UNDECLARED_SELECTOR = YES;
				GCC_WARN_UNUSED_FUNCTION = YES;
				MACOSX_DEPLOYMENT_TARGET = 10.9;
				ONLY_ACTIVE_ARCH = YES;
				PRODUCT_NAME = "$(TARGET_NAME)";
				SDKROOT = macosx;
			};
			name = Debug;
		};
		E640F6E1182D95B600A4C6A5 /* Release */ = {
			isa = XCBuildConfiguration;
			buildSettings = {
				CLANG_CXX_LANGUAGE_STANDARD = "gnu++0x";
				CLANG_ENABLE_OBJC_ARC = YES;
				CLANG_WARN_BOOL_CONVERSION = YES;
				CLANG_WARN_DIRECT_OBJC_ISA_USAGE = YES_ERROR;
				CLANG_WARN_OBJC_ROOT_CLASS = YES_ERROR;
				DEBUG_INFORMATION_FORMAT = "dwarf-with-dsym";
				ENABLE_NS_ASSERTIONS = NO;
				GCC_C_LANGUAGE_STANDARD = gnu99;
				GCC_WARN_ABOUT_RETURN_TYPE = YES_ERROR;
				GCC_WARN_UNDECLARED_SELECTOR = YES;
				GCC_WARN_UNUSED_FUNCTION = YES;
				MACOSX_DEPLOYMENT_TARGET = 10.9;
				PRODUCT_NAME = "$(TARGET_NAME)";
				SDKROOT = macosx;
			};
			name = Release;
		};
		E64198E717373A5A00D0EE25 /* Debug */ = {
			isa = XCBuildConfiguration;
			buildSettings = {
				PRODUCT_NAME = "$(TARGET_NAME)";
			};
			name = Debug;
		};
		E64198E817373A5A00D0EE25 /* Release */ = {
			isa = XCBuildConfiguration;
			buildSettings = {
				PRODUCT_NAME = "$(TARGET_NAME)";
			};
			name = Release;
		};
		E65212AD1704B90D009CE919 /* Debug */ = {
			isa = XCBuildConfiguration;
			buildSettings = {
				ALWAYS_SEARCH_USER_PATHS = NO;
				CLANG_CXX_LANGUAGE_STANDARD = "compiler-default";
				CLANG_CXX_LIBRARY = "libc++";
				CLANG_WARN_CONSTANT_CONVERSION = YES;
				CLANG_WARN_EMPTY_BODY = YES;
				CLANG_WARN_ENUM_CONVERSION = YES;
				CLANG_WARN_INT_CONVERSION = YES;
				CLANG_WARN__DUPLICATE_METHOD_MATCH = YES;
				COPY_PHASE_STRIP = NO;
				GCC_C_LANGUAGE_STANDARD = c99;
				GCC_DYNAMIC_NO_PIC = NO;
				GCC_ENABLE_OBJC_EXCEPTIONS = YES;
				GCC_OPTIMIZATION_LEVEL = 0;
				GCC_PREPROCESSOR_DEFINITIONS = (
					"DEBUG=1",
					"$(inherited)",
				);
				GCC_SYMBOLS_PRIVATE_EXTERN = NO;
				GCC_WARN_64_TO_32_BIT_CONVERSION = YES;
				GCC_WARN_ABOUT_RETURN_TYPE = YES;
				GCC_WARN_UNINITIALIZED_AUTOS = YES;
				GCC_WARN_UNUSED_VARIABLE = YES;
				OTHER_LDFLAGS = "-lcurses";
				WARNING_CFLAGS = "-Weverything";
			};
			name = Debug;
		};
		E65212AE1704B90D009CE919 /* Release */ = {
			isa = XCBuildConfiguration;
			buildSettings = {
				ALWAYS_SEARCH_USER_PATHS = NO;
				CLANG_CXX_LANGUAGE_STANDARD = "compiler-default";
				CLANG_CXX_LIBRARY = "libc++";
				CLANG_WARN_CONSTANT_CONVERSION = YES;
				CLANG_WARN_EMPTY_BODY = YES;
				CLANG_WARN_ENUM_CONVERSION = YES;
				CLANG_WARN_INT_CONVERSION = YES;
				CLANG_WARN__DUPLICATE_METHOD_MATCH = YES;
				COPY_PHASE_STRIP = YES;
				GCC_C_LANGUAGE_STANDARD = c99;
				GCC_ENABLE_OBJC_EXCEPTIONS = YES;
				GCC_OPTIMIZATION_LEVEL = 0;
				GCC_WARN_64_TO_32_BIT_CONVERSION = YES;
				GCC_WARN_ABOUT_RETURN_TYPE = YES;
				GCC_WARN_UNINITIALIZED_AUTOS = YES;
				GCC_WARN_UNUSED_VARIABLE = YES;
				OTHER_LDFLAGS = "-lcurses";
				WARNING_CFLAGS = "-Weverything";
			};
			name = Release;
		};
		E666A83B17169D9A00EDBF95 /* Debug */ = {
			isa = XCBuildConfiguration;
			buildSettings = {
				DEBUGGING_SYMBOLS = YES;
				GCC_GENERATE_DEBUGGING_SYMBOLS = YES;
				GCC_OPTIMIZATION_LEVEL = 0;
				OTHER_CFLAGS = "";
				OTHER_LDFLAGS = "";
				PRODUCT_NAME = "$(TARGET_NAME)";
			};
			name = Debug;
		};
		E666A83C17169D9A00EDBF95 /* Release */ = {
			isa = XCBuildConfiguration;
			buildSettings = {
				OTHER_CFLAGS = "";
				OTHER_LDFLAGS = "";
				PRODUCT_NAME = "$(TARGET_NAME)";
			};
			name = Release;
		};
		E6B33F2017597E9300F0D8C2 /* Debug */ = {
			isa = XCBuildConfiguration;
			buildSettings = {
				DEBUGGING_SYMBOLS = YES;
				GCC_GENERATE_DEBUGGING_SYMBOLS = YES;
				GCC_OPTIMIZATION_LEVEL = 0;
				OTHER_CFLAGS = "";
				OTHER_LDFLAGS = "";
				PRODUCT_NAME = "$(TARGET_NAME)";
			};
			name = Debug;
		};
		E6B33F2117597E9300F0D8C2 /* Release */ = {
			isa = XCBuildConfiguration;
			buildSettings = {
				OTHER_CFLAGS = "";
				OTHER_LDFLAGS = "";
				PRODUCT_NAME = "$(TARGET_NAME)";
			};
			name = Release;
		};
		E6FB94B11791140B0053EB7E /* Debug */ = {
			isa = XCBuildConfiguration;
			buildSettings = {
				CLANG_ENABLE_MODULES = YES;
				CLANG_ENABLE_OBJC_ARC = YES;
				CLANG_WARN_BOOL_CONVERSION = YES;
				CLANG_WARN_DIRECT_OBJC_ISA_USAGE = YES_ERROR;
				CLANG_WARN_OBJC_ROOT_CLASS = YES_ERROR;
				GCC_PREPROCESSOR_DEFINITIONS = (
					"DEBUG=1",
					"$(inherited)",
				);
				GCC_WARN_ABOUT_RETURN_TYPE = YES_ERROR;
				GCC_WARN_UNDECLARED_SELECTOR = YES;
				GCC_WARN_UNUSED_FUNCTION = YES;
				MACOSX_DEPLOYMENT_TARGET = 10.9;
				PRODUCT_NAME = "$(TARGET_NAME)";
			};
			name = Debug;
		};
		E6FB94B21791140B0053EB7E /* Release */ = {
			isa = XCBuildConfiguration;
			buildSettings = {
				CLANG_ENABLE_MODULES = YES;
				CLANG_ENABLE_OBJC_ARC = YES;
				CLANG_WARN_BOOL_CONVERSION = YES;
				CLANG_WARN_DIRECT_OBJC_ISA_USAGE = YES_ERROR;
				CLANG_WARN_OBJC_ROOT_CLASS = YES_ERROR;
				ENABLE_NS_ASSERTIONS = NO;
				GCC_WARN_ABOUT_RETURN_TYPE = YES_ERROR;
				GCC_WARN_UNDECLARED_SELECTOR = YES;
				GCC_WARN_UNUSED_FUNCTION = YES;
				MACOSX_DEPLOYMENT_TARGET = 10.9;
				PRODUCT_NAME = "$(TARGET_NAME)";
			};
			name = Release;
		};
/* End XCBuildConfiguration section */

/* Begin XCConfigurationList section */
		E6229351175BB52900AD2866 /* Build configuration list for PBXNativeTarget "easy6502" */ = {
			isa = XCConfigurationList;
			buildConfigurations = (
				E6229352175BB52900AD2866 /* Debug */,
				E6229353175BB52900AD2866 /* Release */,
			);
			defaultConfigurationIsVisible = 0;
			defaultConfigurationName = Release;
		};
		E640E21F17DFDCC9009C0718 /* Build configuration list for PBXNativeTarget "dis6502" */ = {
			isa = XCConfigurationList;
			buildConfigurations = (
				E640E22017DFDCC9009C0718 /* Debug */,
				E640E22117DFDCC9009C0718 /* Release */,
			);
			defaultConfigurationIsVisible = 0;
			defaultConfigurationName = Release;
		};
		E640F6DF182D95B600A4C6A5 /* Build configuration list for PBXNativeTarget "ld6502" */ = {
			isa = XCConfigurationList;
			buildConfigurations = (
				E640F6E0182D95B600A4C6A5 /* Debug */,
				E640F6E1182D95B600A4C6A5 /* Release */,
			);
			defaultConfigurationIsVisible = 0;
			defaultConfigurationName = Release;
		};
		E64198E917373A5A00D0EE25 /* Build configuration list for PBXNativeTarget "as6502" */ = {
			isa = XCConfigurationList;
			buildConfigurations = (
				E64198E717373A5A00D0EE25 /* Debug */,
				E64198E817373A5A00D0EE25 /* Release */,
			);
			defaultConfigurationIsVisible = 0;
			defaultConfigurationName = Release;
		};
		E65212A11704B90D009CE919 /* Build configuration list for PBXProject "v6502" */ = {
			isa = XCConfigurationList;
			buildConfigurations = (
				E65212AD1704B90D009CE919 /* Debug */,
				E65212AE1704B90D009CE919 /* Release */,
			);
			defaultConfigurationIsVisible = 0;
			defaultConfigurationName = Release;
		};
		E666A83D17169D9A00EDBF95 /* Build configuration list for PBXLegacyTarget "tests" */ = {
			isa = XCConfigurationList;
			buildConfigurations = (
				E666A83B17169D9A00EDBF95 /* Debug */,
				E666A83C17169D9A00EDBF95 /* Release */,
			);
			defaultConfigurationIsVisible = 0;
			defaultConfigurationName = Release;
		};
		E6B33F1F17597E9300F0D8C2 /* Build configuration list for PBXLegacyTarget "Doxygen" */ = {
			isa = XCConfigurationList;
			buildConfigurations = (
				E6B33F2017597E9300F0D8C2 /* Debug */,
				E6B33F2117597E9300F0D8C2 /* Release */,
			);
			defaultConfigurationIsVisible = 0;
			defaultConfigurationName = Release;
		};
		E6FB94B31791140B0053EB7E /* Build configuration list for PBXNativeTarget "v6502" */ = {
			isa = XCConfigurationList;
			buildConfigurations = (
				E6FB94B11791140B0053EB7E /* Debug */,
				E6FB94B21791140B0053EB7E /* Release */,
			);
			defaultConfigurationIsVisible = 0;
			defaultConfigurationName = Release;
		};
/* End XCConfigurationList section */
	};
	rootObject = E652129E1704B90D009CE919 /* Project object */;
}
