// !$*UTF8*$!
{
	archiveVersion = 1;
	classes = {
	};
	objectVersion = 46;
	objects = {

/* Begin PBXBuildFile section */
		E60D96771707CC7200BCDBDA /* parser.c in Sources */ = {isa = PBXBuildFile; fileRef = E60D96761707CC7200BCDBDA /* parser.c */; };
		E65212AA1704B90D009CE919 /* main.c in Sources */ = {isa = PBXBuildFile; fileRef = E65212A91704B90D009CE919 /* main.c */; };
		E65212AC1704B90D009CE919 /* v6502.1 in CopyFiles */ = {isa = PBXBuildFile; fileRef = E65212AB1704B90D009CE919 /* v6502.1 */; };
		E65212B31704B923009CE919 /* cpu.c in Sources */ = {isa = PBXBuildFile; fileRef = E65212B21704B923009CE919 /* cpu.c */; };
		E65212B61704BAE7009CE919 /* mem.c in Sources */ = {isa = PBXBuildFile; fileRef = E65212B51704BAE7009CE919 /* mem.c */; };
		E65212B91704BC42009CE919 /* core.c in Sources */ = {isa = PBXBuildFile; fileRef = E65212B81704BC42009CE919 /* core.c */; };
/* End PBXBuildFile section */

/* Begin PBXCopyFilesBuildPhase section */
		E65212A41704B90D009CE919 /* CopyFiles */ = {
			isa = PBXCopyFilesBuildPhase;
			buildActionMask = 2147483647;
			dstPath = /usr/share/man/man1/;
			dstSubfolderSpec = 0;
			files = (
				E65212AC1704B90D009CE919 /* v6502.1 in CopyFiles */,
			);
			runOnlyForDeploymentPostprocessing = 1;
		};
/* End PBXCopyFilesBuildPhase section */

/* Begin PBXFileReference section */
		E60D96761707CC7200BCDBDA /* parser.c */ = {isa = PBXFileReference; fileEncoding = 4; lastKnownFileType = sourcecode.c.c; path = parser.c; sourceTree = "<group>"; };
		E60D96781707CC7900BCDBDA /* parser.h */ = {isa = PBXFileReference; lastKnownFileType = sourcecode.c.h; path = parser.h; sourceTree = "<group>"; };
		E65212A61704B90D009CE919 /* v6502 */ = {isa = PBXFileReference; explicitFileType = "compiled.mach-o.executable"; includeInIndex = 0; path = v6502; sourceTree = BUILT_PRODUCTS_DIR; };
		E65212A91704B90D009CE919 /* main.c */ = {isa = PBXFileReference; lastKnownFileType = sourcecode.c.c; path = main.c; sourceTree = "<group>"; };
		E65212AB1704B90D009CE919 /* v6502.1 */ = {isa = PBXFileReference; lastKnownFileType = text.man; path = v6502.1; sourceTree = "<group>"; };
		E65212B21704B923009CE919 /* cpu.c */ = {isa = PBXFileReference; fileEncoding = 4; lastKnownFileType = sourcecode.c.c; path = cpu.c; sourceTree = "<group>"; };
		E65212B41704B935009CE919 /* cpu.h */ = {isa = PBXFileReference; lastKnownFileType = sourcecode.c.h; path = cpu.h; sourceTree = "<group>"; };
		E65212B51704BAE7009CE919 /* mem.c */ = {isa = PBXFileReference; fileEncoding = 4; lastKnownFileType = sourcecode.c.c; path = mem.c; sourceTree = "<group>"; };
		E65212B71704BAED009CE919 /* mem.h */ = {isa = PBXFileReference; lastKnownFileType = sourcecode.c.h; path = mem.h; sourceTree = "<group>"; };
		E65212B81704BC42009CE919 /* core.c */ = {isa = PBXFileReference; fileEncoding = 4; lastKnownFileType = sourcecode.c.c; path = core.c; sourceTree = "<group>"; };
		E65212BA1704BC4B009CE919 /* core.h */ = {isa = PBXFileReference; lastKnownFileType = sourcecode.c.h; path = core.h; sourceTree = "<group>"; };
/* End PBXFileReference section */

/* Begin PBXFrameworksBuildPhase section */
		E65212A31704B90D009CE919 /* Frameworks */ = {
			isa = PBXFrameworksBuildPhase;
			buildActionMask = 2147483647;
			files = (
			);
			runOnlyForDeploymentPostprocessing = 0;
		};
/* End PBXFrameworksBuildPhase section */

/* Begin PBXGroup section */
		E652129D1704B90D009CE919 = {
			isa = PBXGroup;
			children = (
				E65212A81704B90D009CE919 /* v6502 */,
				E65212A71704B90D009CE919 /* Products */,
			);
			sourceTree = "<group>";
		};
		E65212A71704B90D009CE919 /* Products */ = {
			isa = PBXGroup;
			children = (
				E65212A61704B90D009CE919 /* v6502 */,
			);
			name = Products;
			sourceTree = "<group>";
		};
		E65212A81704B90D009CE919 /* v6502 */ = {
			isa = PBXGroup;
			children = (
				E65212A91704B90D009CE919 /* main.c */,
				E60D96761707CC7200BCDBDA /* parser.c */,
				E60D96781707CC7900BCDBDA /* parser.h */,
				E65212AB1704B90D009CE919 /* v6502.1 */,
				E65212B21704B923009CE919 /* cpu.c */,
				E65212B41704B935009CE919 /* cpu.h */,
				E65212B51704BAE7009CE919 /* mem.c */,
				E65212B71704BAED009CE919 /* mem.h */,
				E65212B81704BC42009CE919 /* core.c */,
				E65212BA1704BC4B009CE919 /* core.h */,
			);
			path = v6502;
			sourceTree = "<group>";
		};
/* End PBXGroup section */

/* Begin PBXNativeTarget section */
		E65212A51704B90D009CE919 /* v6502 */ = {
			isa = PBXNativeTarget;
			buildConfigurationList = E65212AF1704B90D009CE919 /* Build configuration list for PBXNativeTarget "v6502" */;
			buildPhases = (
				E65212A21704B90D009CE919 /* Sources */,
				E65212A31704B90D009CE919 /* Frameworks */,
				E65212A41704B90D009CE919 /* CopyFiles */,
			);
			buildRules = (
			);
			dependencies = (
			);
			name = v6502;
			productName = v6502;
			productReference = E65212A61704B90D009CE919 /* v6502 */;
			productType = "com.apple.product-type.tool";
		};
/* End PBXNativeTarget section */

/* Begin PBXProject section */
		E652129E1704B90D009CE919 /* Project object */ = {
			isa = PBXProject;
			attributes = {
				LastUpgradeCheck = 0460;
				ORGANIZATIONNAME = "Hello-Channel, LLC";
			};
			buildConfigurationList = E65212A11704B90D009CE919 /* Build configuration list for PBXProject "v6502" */;
			compatibilityVersion = "Xcode 3.2";
			developmentRegion = English;
			hasScannedForEncodings = 0;
			knownRegions = (
				en,
			);
			mainGroup = E652129D1704B90D009CE919;
			productRefGroup = E65212A71704B90D009CE919 /* Products */;
			projectDirPath = "";
			projectRoot = "";
			targets = (
				E65212A51704B90D009CE919 /* v6502 */,
			);
		};
/* End PBXProject section */

/* Begin PBXSourcesBuildPhase section */
		E65212A21704B90D009CE919 /* Sources */ = {
			isa = PBXSourcesBuildPhase;
			buildActionMask = 2147483647;
			files = (
				E65212AA1704B90D009CE919 /* main.c in Sources */,
				E65212B31704B923009CE919 /* cpu.c in Sources */,
				E65212B61704BAE7009CE919 /* mem.c in Sources */,
				E65212B91704BC42009CE919 /* core.c in Sources */,
				E60D96771707CC7200BCDBDA /* parser.c in Sources */,
			);
			runOnlyForDeploymentPostprocessing = 0;
		};
/* End PBXSourcesBuildPhase section */

/* Begin XCBuildConfiguration section */
		E65212AD1704B90D009CE919 /* Debug */ = {
			isa = XCBuildConfiguration;
			buildSettings = {
				ALWAYS_SEARCH_USER_PATHS = NO;
				ARCHS = "$(ARCHS_STANDARD_64_BIT)";
				CLANG_CXX_LANGUAGE_STANDARD = "gnu++0x";
				CLANG_CXX_LIBRARY = "libc++";
				CLANG_WARN_CONSTANT_CONVERSION = YES;
				CLANG_WARN_EMPTY_BODY = YES;
				CLANG_WARN_ENUM_CONVERSION = YES;
				CLANG_WARN_INT_CONVERSION = YES;
				CLANG_WARN__DUPLICATE_METHOD_MATCH = YES;
				COPY_PHASE_STRIP = NO;
				GCC_C_LANGUAGE_STANDARD = gnu99;
				GCC_DYNAMIC_NO_PIC = NO;
				GCC_ENABLE_OBJC_EXCEPTIONS = YES;
				GCC_OPTIMIZATION_LEVEL = 0;
				GCC_PREPROCESSOR_DEFINITIONS = (
					"DEBUG=1",
					"$(inherited)",
				);
				GCC_SYMBOLS_PRIVATE_EXTERN = NO;
				GCC_WARN_64_TO_32_BIT_CONVERSION = YES;
				GCC_WARN_ABOUT_RETURN_TYPE = YES;
				GCC_WARN_UNINITIALIZED_AUTOS = YES;
				GCC_WARN_UNUSED_VARIABLE = YES;
				MACOSX_DEPLOYMENT_TARGET = 10.8;
				ONLY_ACTIVE_ARCH = YES;
				SDKROOT = macosx;
			};
			name = Debug;
		};
		E65212AE1704B90D009CE919 /* Release */ = {
			isa = XCBuildConfiguration;
			buildSettings = {
				ALWAYS_SEARCH_USER_PATHS = NO;
				ARCHS = "$(ARCHS_STANDARD_64_BIT)";
				CLANG_CXX_LANGUAGE_STANDARD = "gnu++0x";
				CLANG_CXX_LIBRARY = "libc++";
				CLANG_WARN_CONSTANT_CONVERSION = YES;
				CLANG_WARN_EMPTY_BODY = YES;
				CLANG_WARN_ENUM_CONVERSION = YES;
				CLANG_WARN_INT_CONVERSION = YES;
				CLANG_WARN__DUPLICATE_METHOD_MATCH = YES;
				COPY_PHASE_STRIP = YES;
				DEBUG_INFORMATION_FORMAT = "dwarf-with-dsym";
				GCC_C_LANGUAGE_STANDARD = gnu99;
				GCC_ENABLE_OBJC_EXCEPTIONS = YES;
				GCC_WARN_64_TO_32_BIT_CONVERSION = YES;
				GCC_WARN_ABOUT_RETURN_TYPE = YES;
				GCC_WARN_UNINITIALIZED_AUTOS = YES;
				GCC_WARN_UNUSED_VARIABLE = YES;
				MACOSX_DEPLOYMENT_TARGET = 10.8;
				SDKROOT = macosx;
			};
			name = Release;
		};
		E65212B01704B90D009CE919 /* Debug */ = {
			isa = XCBuildConfiguration;
			buildSettings = {
				PRODUCT_NAME = "$(TARGET_NAME)";
			};
			name = Debug;
		};
		E65212B11704B90D009CE919 /* Release */ = {
			isa = XCBuildConfiguration;
			buildSettings = {
				PRODUCT_NAME = "$(TARGET_NAME)";
			};
			name = Release;
		};
/* End XCBuildConfiguration section */

/* Begin XCConfigurationList section */
		E65212A11704B90D009CE919 /* Build configuration list for PBXProject "v6502" */ = {
			isa = XCConfigurationList;
			buildConfigurations = (
				E65212AD1704B90D009CE919 /* Debug */,
				E65212AE1704B90D009CE919 /* Release */,
			);
			defaultConfigurationIsVisible = 0;
			defaultConfigurationName = Release;
		};
		E65212AF1704B90D009CE919 /* Build configuration list for PBXNativeTarget "v6502" */ = {
			isa = XCConfigurationList;
			buildConfigurations = (
				E65212B01704B90D009CE919 /* Debug */,
				E65212B11704B90D009CE919 /* Release */,
			);
			defaultConfigurationIsVisible = 0;
			defaultConfigurationName = Release;
		};
/* End XCConfigurationList section */
	};
	rootObject = E652129E1704B90D009CE919 /* Project object */;
}
