// !$*UTF8*$!
{
	archiveVersion = 1;
	classes = {
	};
	objectVersion = 46;
	objects = {

/* Begin PBXBuildFile section */
		E60D96771707CC7200BCDBDA /* parser.c in Sources */ = {isa = PBXBuildFile; fileRef = E60D96761707CC7200BCDBDA /* parser.c */; };
		E64B300F170D59B700DAB63C /* Makefile in Sources */ = {isa = PBXBuildFile; fileRef = E64B300E170D59B700DAB63C /* Makefile */; };
		E65212AA1704B90D009CE919 /* main.c in Sources */ = {isa = PBXBuildFile; fileRef = E65212A91704B90D009CE919 /* main.c */; };
		E65212AC1704B90D009CE919 /* v6502.1 in CopyFiles */ = {isa = PBXBuildFile; fileRef = E65212AB1704B90D009CE919 /* v6502.1 */; };
		E65212B31704B923009CE919 /* cpu.c in Sources */ = {isa = PBXBuildFile; fileRef = E65212B21704B923009CE919 /* cpu.c */; };
		E65212B61704BAE7009CE919 /* mem.c in Sources */ = {isa = PBXBuildFile; fileRef = E65212B51704BAE7009CE919 /* mem.c */; };
		E65212B91704BC42009CE919 /* core.c in Sources */ = {isa = PBXBuildFile; fileRef = E65212B81704BC42009CE919 /* core.c */; };
		E666A8241715E50E00EDBF95 /* as6502.1 in CopyFiles */ = {isa = PBXBuildFile; fileRef = E666A8231715E50E00EDBF95 /* as6502.1 */; };
		E666A8281715E51800EDBF95 /* main.c in Sources */ = {isa = PBXBuildFile; fileRef = E666A8121715D1C000EDBF95 /* main.c */; };
		E666A8291715EA1E00EDBF95 /* parser.c in Sources */ = {isa = PBXBuildFile; fileRef = E60D96761707CC7200BCDBDA /* parser.c */; };
		E666A82A1715EA1E00EDBF95 /* cpu.c in Sources */ = {isa = PBXBuildFile; fileRef = E65212B21704B923009CE919 /* cpu.c */; };
		E666A82B1715EA5200EDBF95 /* mem.c in Sources */ = {isa = PBXBuildFile; fileRef = E65212B51704BAE7009CE919 /* mem.c */; };
/* End PBXBuildFile section */

/* Begin PBXCopyFilesBuildPhase section */
		E65212A41704B90D009CE919 /* CopyFiles */ = {
			isa = PBXCopyFilesBuildPhase;
			buildActionMask = 2147483647;
			dstPath = /usr/share/man/man1/;
			dstSubfolderSpec = 0;
			files = (
				E65212AC1704B90D009CE919 /* v6502.1 in CopyFiles */,
			);
			runOnlyForDeploymentPostprocessing = 1;
		};
		E666A81D1715E50E00EDBF95 /* CopyFiles */ = {
			isa = PBXCopyFilesBuildPhase;
			buildActionMask = 2147483647;
			dstPath = /usr/share/man/man1/;
			dstSubfolderSpec = 0;
			files = (
				E666A8241715E50E00EDBF95 /* as6502.1 in CopyFiles */,
			);
			runOnlyForDeploymentPostprocessing = 1;
		};
/* End PBXCopyFilesBuildPhase section */

/* Begin PBXFileReference section */
		E60D96761707CC7200BCDBDA /* parser.c */ = {isa = PBXFileReference; fileEncoding = 4; lastKnownFileType = sourcecode.c.c; path = parser.c; sourceTree = "<group>"; };
		E60D96781707CC7900BCDBDA /* parser.h */ = {isa = PBXFileReference; lastKnownFileType = sourcecode.c.h; path = parser.h; sourceTree = "<group>"; };
		E64B300E170D59B700DAB63C /* Makefile */ = {isa = PBXFileReference; fileEncoding = 4; lastKnownFileType = sourcecode.make; path = Makefile; sourceTree = "<group>"; };
		E65212A61704B90D009CE919 /* v6502 */ = {isa = PBXFileReference; explicitFileType = "compiled.mach-o.executable"; includeInIndex = 0; path = v6502; sourceTree = BUILT_PRODUCTS_DIR; };
		E65212A91704B90D009CE919 /* main.c */ = {isa = PBXFileReference; lastKnownFileType = sourcecode.c.c; path = main.c; sourceTree = "<group>"; };
		E65212AB1704B90D009CE919 /* v6502.1 */ = {isa = PBXFileReference; lastKnownFileType = text.man; path = v6502.1; sourceTree = "<group>"; };
		E65212B21704B923009CE919 /* cpu.c */ = {isa = PBXFileReference; fileEncoding = 4; lastKnownFileType = sourcecode.c.c; path = cpu.c; sourceTree = "<group>"; };
		E65212B41704B935009CE919 /* cpu.h */ = {isa = PBXFileReference; lastKnownFileType = sourcecode.c.h; path = cpu.h; sourceTree = "<group>"; };
		E65212B51704BAE7009CE919 /* mem.c */ = {isa = PBXFileReference; fileEncoding = 4; lastKnownFileType = sourcecode.c.c; path = mem.c; sourceTree = "<group>"; };
		E65212B71704BAED009CE919 /* mem.h */ = {isa = PBXFileReference; lastKnownFileType = sourcecode.c.h; path = mem.h; sourceTree = "<group>"; };
		E65212B81704BC42009CE919 /* core.c */ = {isa = PBXFileReference; fileEncoding = 4; lastKnownFileType = sourcecode.c.c; path = core.c; sourceTree = "<group>"; };
		E65212BA1704BC4B009CE919 /* core.h */ = {isa = PBXFileReference; lastKnownFileType = sourcecode.c.h; path = core.h; sourceTree = "<group>"; };
		E666A8121715D1C000EDBF95 /* main.c */ = {isa = PBXFileReference; lastKnownFileType = sourcecode.c.c; name = main.c; path = as6502/main.c; sourceTree = "<group>"; };
		E666A8131715D1C000EDBF95 /* Makefile */ = {isa = PBXFileReference; lastKnownFileType = sourcecode.make; name = Makefile; path = as6502/Makefile; sourceTree = "<group>"; };
		E666A81F1715E50E00EDBF95 /* as6502 */ = {isa = PBXFileReference; explicitFileType = "compiled.mach-o.executable"; includeInIndex = 0; path = as6502; sourceTree = BUILT_PRODUCTS_DIR; };
		E666A8231715E50E00EDBF95 /* as6502.1 */ = {isa = PBXFileReference; lastKnownFileType = text.man; name = as6502.1; path = as6502/as6502.1; sourceTree = "<group>"; };
		E666A83F17169DB800EDBF95 /* Makefile */ = {isa = PBXFileReference; fileEncoding = 4; lastKnownFileType = sourcecode.make; path = Makefile; sourceTree = "<group>"; };
		E666A84117169DB800EDBF95 /* test.s */ = {isa = PBXFileReference; fileEncoding = 4; lastKnownFileType = sourcecode.asm; path = test.s; sourceTree = "<group>"; };
/* End PBXFileReference section */

/* Begin PBXFrameworksBuildPhase section */
		E65212A31704B90D009CE919 /* Frameworks */ = {
			isa = PBXFrameworksBuildPhase;
			buildActionMask = 2147483647;
			files = (
			);
			runOnlyForDeploymentPostprocessing = 0;
		};
		E666A81C1715E50E00EDBF95 /* Frameworks */ = {
			isa = PBXFrameworksBuildPhase;
			buildActionMask = 2147483647;
			files = (
			);
			runOnlyForDeploymentPostprocessing = 0;
		};
/* End PBXFrameworksBuildPhase section */

/* Begin PBXGroup section */
		E652129D1704B90D009CE919 = {
			isa = PBXGroup;
			children = (
				E666A8111715D1A800EDBF95 /* as6502 */,
				E65212A81704B90D009CE919 /* v6502 */,
				E65212A71704B90D009CE919 /* Products */,
			);
			sourceTree = "<group>";
		};
		E65212A71704B90D009CE919 /* Products */ = {
			isa = PBXGroup;
			children = (
				E65212A61704B90D009CE919 /* v6502 */,
				E666A81F1715E50E00EDBF95 /* as6502 */,
			);
			name = Products;
			sourceTree = "<group>";
		};
		E65212A81704B90D009CE919 /* v6502 */ = {
			isa = PBXGroup;
			children = (
				E64B300E170D59B700DAB63C /* Makefile */,
				E65212A91704B90D009CE919 /* main.c */,
				E60D96761707CC7200BCDBDA /* parser.c */,
				E60D96781707CC7900BCDBDA /* parser.h */,
				E65212AB1704B90D009CE919 /* v6502.1 */,
				E65212B21704B923009CE919 /* cpu.c */,
				E65212B41704B935009CE919 /* cpu.h */,
				E65212B51704BAE7009CE919 /* mem.c */,
				E65212B71704BAED009CE919 /* mem.h */,
				E65212B81704BC42009CE919 /* core.c */,
				E65212BA1704BC4B009CE919 /* core.h */,
			);
			path = v6502;
			sourceTree = "<group>";
		};
		E666A8111715D1A800EDBF95 /* as6502 */ = {
			isa = PBXGroup;
			children = (
				E666A8121715D1C000EDBF95 /* main.c */,
				E666A8131715D1C000EDBF95 /* Makefile */,
				E666A8231715E50E00EDBF95 /* as6502.1 */,
				E666A83E17169DB800EDBF95 /* tests */,
			);
			name = as6502;
			sourceTree = "<group>";
		};
		E666A83E17169DB800EDBF95 /* tests */ = {
			isa = PBXGroup;
			children = (
				E666A83F17169DB800EDBF95 /* Makefile */,
				E666A84117169DB800EDBF95 /* test.s */,
			);
			name = tests;
			path = as6502/tests;
			sourceTree = "<group>";
		};
/* End PBXGroup section */

/* Begin PBXLegacyTarget section */
		E666A83A17169D9A00EDBF95 /* as6502-test */ = {
			isa = PBXLegacyTarget;
			buildArgumentsString = "$(ACTION)";
			buildConfigurationList = E666A83D17169D9A00EDBF95 /* Build configuration list for PBXLegacyTarget "as6502-test" */;
			buildPhases = (
			);
			buildToolPath = /usr/bin/make;
			buildWorkingDirectory = as6502/tests;
			dependencies = (
			);
			name = "as6502-test";
			passBuildSettingsInEnvironment = 1;
			productName = "as6502-test";
		};
/* End PBXLegacyTarget section */

/* Begin PBXNativeTarget section */
		E65212A51704B90D009CE919 /* v6502 */ = {
			isa = PBXNativeTarget;
			buildConfigurationList = E65212AF1704B90D009CE919 /* Build configuration list for PBXNativeTarget "v6502" */;
			buildPhases = (
				E65212A21704B90D009CE919 /* Sources */,
				E65212A31704B90D009CE919 /* Frameworks */,
				E65212A41704B90D009CE919 /* CopyFiles */,
			);
			buildRules = (
			);
			dependencies = (
			);
			name = v6502;
			productName = v6502;
			productReference = E65212A61704B90D009CE919 /* v6502 */;
			productType = "com.apple.product-type.tool";
		};
		E666A81E1715E50E00EDBF95 /* as6502 */ = {
			isa = PBXNativeTarget;
			buildConfigurationList = E666A8251715E50E00EDBF95 /* Build configuration list for PBXNativeTarget "as6502" */;
			buildPhases = (
				E666A81B1715E50E00EDBF95 /* Sources */,
				E666A81C1715E50E00EDBF95 /* Frameworks */,
				E666A81D1715E50E00EDBF95 /* CopyFiles */,
			);
			buildRules = (
			);
			dependencies = (
			);
			name = as6502;
			productName = as6502;
			productReference = E666A81F1715E50E00EDBF95 /* as6502 */;
			productType = "com.apple.product-type.tool";
		};
/* End PBXNativeTarget section */

/* Begin PBXProject section */
		E652129E1704B90D009CE919 /* Project object */ = {
			isa = PBXProject;
			attributes = {
				LastUpgradeCheck = 0460;
				ORGANIZATIONNAME = "Hello-Channel, LLC";
			};
			buildConfigurationList = E65212A11704B90D009CE919 /* Build configuration list for PBXProject "v6502" */;
			compatibilityVersion = "Xcode 3.2";
			developmentRegion = English;
			hasScannedForEncodings = 0;
			knownRegions = (
				en,
			);
			mainGroup = E652129D1704B90D009CE919;
			productRefGroup = E65212A71704B90D009CE919 /* Products */;
			projectDirPath = "";
			projectRoot = "";
			targets = (
				E65212A51704B90D009CE919 /* v6502 */,
				E666A81E1715E50E00EDBF95 /* as6502 */,
				E666A83A17169D9A00EDBF95 /* as6502-test */,
			);
		};
/* End PBXProject section */

/* Begin PBXSourcesBuildPhase section */
		E65212A21704B90D009CE919 /* Sources */ = {
			isa = PBXSourcesBuildPhase;
			buildActionMask = 2147483647;
			files = (
				E65212AA1704B90D009CE919 /* main.c in Sources */,
				E65212B31704B923009CE919 /* cpu.c in Sources */,
				E65212B61704BAE7009CE919 /* mem.c in Sources */,
				E65212B91704BC42009CE919 /* core.c in Sources */,
				E60D96771707CC7200BCDBDA /* parser.c in Sources */,
				E64B300F170D59B700DAB63C /* Makefile in Sources */,
			);
			runOnlyForDeploymentPostprocessing = 0;
		};
		E666A81B1715E50E00EDBF95 /* Sources */ = {
			isa = PBXSourcesBuildPhase;
			buildActionMask = 2147483647;
			files = (
				E666A82B1715EA5200EDBF95 /* mem.c in Sources */,
				E666A8291715EA1E00EDBF95 /* parser.c in Sources */,
				E666A82A1715EA1E00EDBF95 /* cpu.c in Sources */,
				E666A8281715E51800EDBF95 /* main.c in Sources */,
			);
			runOnlyForDeploymentPostprocessing = 0;
		};
/* End PBXSourcesBuildPhase section */

/* Begin XCBuildConfiguration section */
		E65212AD1704B90D009CE919 /* Debug */ = {
			isa = XCBuildConfiguration;
			buildSettings = {
				ALWAYS_SEARCH_USER_PATHS = NO;
				ARCHS = "$(ARCHS_STANDARD_64_BIT)";
				CLANG_CXX_LANGUAGE_STANDARD = "gnu++0x";
				CLANG_CXX_LIBRARY = "libc++";
				CLANG_WARN_CONSTANT_CONVERSION = YES;
				CLANG_WARN_EMPTY_BODY = YES;
				CLANG_WARN_ENUM_CONVERSION = YES;
				CLANG_WARN_INT_CONVERSION = YES;
				CLANG_WARN__DUPLICATE_METHOD_MATCH = YES;
				COPY_PHASE_STRIP = NO;
				GCC_C_LANGUAGE_STANDARD = gnu99;
				GCC_DYNAMIC_NO_PIC = NO;
				GCC_ENABLE_OBJC_EXCEPTIONS = YES;
				GCC_OPTIMIZATION_LEVEL = 0;
				GCC_PREPROCESSOR_DEFINITIONS = (
					"DEBUG=1",
					"$(inherited)",
				);
				GCC_SYMBOLS_PRIVATE_EXTERN = NO;
				GCC_WARN_64_TO_32_BIT_CONVERSION = YES;
				GCC_WARN_ABOUT_RETURN_TYPE = YES;
				GCC_WARN_UNINITIALIZED_AUTOS = YES;
				GCC_WARN_UNUSED_VARIABLE = YES;
				MACOSX_DEPLOYMENT_TARGET = 10.8;
				ONLY_ACTIVE_ARCH = YES;
				OTHER_LDFLAGS = "-lcurses";
				SDKROOT = macosx;
				WARNING_CFLAGS = "-Wswitch-enum";
			};
			name = Debug;
		};
		E65212AE1704B90D009CE919 /* Release */ = {
			isa = XCBuildConfiguration;
			buildSettings = {
				ALWAYS_SEARCH_USER_PATHS = NO;
				ARCHS = "$(ARCHS_STANDARD_64_BIT)";
				CLANG_CXX_LANGUAGE_STANDARD = "gnu++0x";
				CLANG_CXX_LIBRARY = "libc++";
				CLANG_WARN_CONSTANT_CONVERSION = YES;
				CLANG_WARN_EMPTY_BODY = YES;
				CLANG_WARN_ENUM_CONVERSION = YES;
				CLANG_WARN_INT_CONVERSION = YES;
				CLANG_WARN__DUPLICATE_METHOD_MATCH = YES;
				COPY_PHASE_STRIP = YES;
				DEBUG_INFORMATION_FORMAT = "dwarf-with-dsym";
				GCC_C_LANGUAGE_STANDARD = gnu99;
				GCC_ENABLE_OBJC_EXCEPTIONS = YES;
				GCC_WARN_64_TO_32_BIT_CONVERSION = YES;
				GCC_WARN_ABOUT_RETURN_TYPE = YES;
				GCC_WARN_UNINITIALIZED_AUTOS = YES;
				GCC_WARN_UNUSED_VARIABLE = YES;
				MACOSX_DEPLOYMENT_TARGET = 10.8;
				OTHER_LDFLAGS = "-lcurses";
				SDKROOT = macosx;
				WARNING_CFLAGS = "-Wswitch-enum";
			};
			name = Release;
		};
		E65212B01704B90D009CE919 /* Debug */ = {
			isa = XCBuildConfiguration;
			buildSettings = {
				PRODUCT_NAME = "$(TARGET_NAME)";
			};
			name = Debug;
		};
		E65212B11704B90D009CE919 /* Release */ = {
			isa = XCBuildConfiguration;
			buildSettings = {
				PRODUCT_NAME = "$(TARGET_NAME)";
			};
			name = Release;
		};
		E666A8261715E50E00EDBF95 /* Debug */ = {
			isa = XCBuildConfiguration;
			buildSettings = {
				PRODUCT_NAME = "$(TARGET_NAME)";
			};
			name = Debug;
		};
		E666A8271715E50E00EDBF95 /* Release */ = {
			isa = XCBuildConfiguration;
			buildSettings = {
				PRODUCT_NAME = "$(TARGET_NAME)";
			};
			name = Release;
		};
		E666A83B17169D9A00EDBF95 /* Debug */ = {
			isa = XCBuildConfiguration;
			buildSettings = {
				DEBUGGING_SYMBOLS = YES;
				GCC_GENERATE_DEBUGGING_SYMBOLS = YES;
				GCC_OPTIMIZATION_LEVEL = 0;
				OTHER_CFLAGS = "";
				OTHER_LDFLAGS = "";
				PRODUCT_NAME = "$(TARGET_NAME)";
			};
			name = Debug;
		};
		E666A83C17169D9A00EDBF95 /* Release */ = {
			isa = XCBuildConfiguration;
			buildSettings = {
				OTHER_CFLAGS = "";
				OTHER_LDFLAGS = "";
				PRODUCT_NAME = "$(TARGET_NAME)";
			};
			name = Release;
		};
/* End XCBuildConfiguration section */

/* Begin XCConfigurationList section */
		E65212A11704B90D009CE919 /* Build configuration list for PBXProject "v6502" */ = {
			isa = XCConfigurationList;
			buildConfigurations = (
				E65212AD1704B90D009CE919 /* Debug */,
				E65212AE1704B90D009CE919 /* Release */,
			);
			defaultConfigurationIsVisible = 0;
			defaultConfigurationName = Release;
		};
		E65212AF1704B90D009CE919 /* Build configuration list for PBXNativeTarget "v6502" */ = {
			isa = XCConfigurationList;
			buildConfigurations = (
				E65212B01704B90D009CE919 /* Debug */,
				E65212B11704B90D009CE919 /* Release */,
			);
			defaultConfigurationIsVisible = 0;
			defaultConfigurationName = Release;
		};
		E666A8251715E50E00EDBF95 /* Build configuration list for PBXNativeTarget "as6502" */ = {
			isa = XCConfigurationList;
			buildConfigurations = (
				E666A8261715E50E00EDBF95 /* Debug */,
				E666A8271715E50E00EDBF95 /* Release */,
			);
			defaultConfigurationIsVisible = 0;
			defaultConfigurationName = Release;
		};
		E666A83D17169D9A00EDBF95 /* Build configuration list for PBXLegacyTarget "as6502-test" */ = {
			isa = XCConfigurationList;
			buildConfigurations = (
				E666A83B17169D9A00EDBF95 /* Debug */,
				E666A83C17169D9A00EDBF95 /* Release */,
			);
			defaultConfigurationIsVisible = 0;
		};
/* End XCConfigurationList section */
	};
	rootObject = E652129E1704B90D009CE919 /* Project object */;
}
